
Microsoft Visual Studio Solution File, Format Version 12.00
# Visual Studio 15
Project("{FAE04EC0-301F-11D3-BF4B-00C04F79EFBC}") = "Assembly-CSharp", "Assembly-CSharp.csproj", "{BB7D517E-8BFA-23F7-2967-63ECCD460BC2}"
EndProject
Project("{FAE04EC0-301F-11D3-BF4B-00C04F79EFBC}") = "Assembly-CSharp-Editor", "Assembly-CSharp-Editor.csproj", "{F609B124-EFC0-7AEC-AC19-FF44A9CD050E}"
EndProject
Global
	GlobalSection(SolutionConfigurationPlatforms) = preSolution
		Debug|Any CPU = Debug|Any CPU
		Release|Any CPU = Release|Any CPU
	EndGlobalSection
	GlobalSection(ProjectConfigurationPlatforms) = postSolution
		{BB7D517E-8BFA-23F7-2967-63ECCD460BC2}.Debug|Any CPU.ActiveCfg = Debug|Any CPU
		{BB7D517E-8BFA-23F7-2967-63ECCD460BC2}.Debug|Any CPU.Build.0 = Debug|Any CPU
		{BB7D517E-8BFA-23F7-2967-63ECCD460BC2}.Release|Any CPU.ActiveCfg = Release|Any CPU
		{BB7D517E-8BFA-23F7-2967-63ECCD460BC2}.Release|Any CPU.Build.0 = Release|Any CPU
		{F609B124-EFC0-7AEC-AC19-FF44A9CD050E}.Debug|Any CPU.ActiveCfg = Debug|Any CPU
		{F609B124-EFC0-7AEC-AC19-FF44A9CD050E}.Debug|Any CPU.Build.0 = Debug|Any CPU
		{F609B124-EFC0-7AEC-AC19-FF44A9CD050E}.Release|Any CPU.ActiveCfg = Release|Any CPU
		{F609B124-EFC0-7AEC-AC19-FF44A9CD050E}.Release|Any CPU.Build.0 = Release|Any CPU
	EndGlobalSection
	GlobalSection(SolutionProperties) = preSolution
		HideSolutionNode = FALSE
	EndGlobalSection
EndGlobal
